
Microsoft Visual Studio Solution File, Format Version 12.00
# Visual Studio Version 17
VisualStudioVersion = 17.14.36221.1 d17.14
MinimumVisualStudioVersion = 10.0.40219.1
Project("{FAE04EC0-301F-11D3-BF4B-00C04F79EFBC}") = "APIs", "APIs\APIs.csproj", "{ACAED160-96A0-4662-BF9F-18591FEA54AA}"
EndProject
Global
	GlobalSection(SolutionConfigurationPlatforms) = preSolution
		Debug|Any CPU = Debug|Any CPU
		Release|Any CPU = Release|Any CPU
	EndGlobalSection
	GlobalSection(ProjectConfigurationPlatforms) = postSolution
		{ACAED160-96A0-4662-BF9F-18591FEA54AA}.Debug|Any CPU.ActiveCfg = Debug|Any CPU
		{ACAED160-96A0-4662-BF9F-18591FEA54AA}.Debug|Any CPU.Build.0 = Debug|Any CPU
		{ACAED160-96A0-4662-BF9F-18591FEA54AA}.Release|Any CPU.ActiveCfg = Release|Any CPU
		{ACAED160-96A0-4662-BF9F-18591FEA54AA}.Release|Any CPU.Build.0 = Release|Any CPU
	EndGlobalSection
	GlobalSection(SolutionProperties) = preSolution
		HideSolutionNode = FALSE
	EndGlobalSection
	GlobalSection(ExtensibilityGlobals) = postSolution
		SolutionGuid = {51BADCC7-9734-4413-9B5C-C63616C574A6}
	EndGlobalSection
EndGlobal
